
Microsoft Visual Studio Solution File, Format Version 12.00
# Visual Studio Version 17
VisualStudioVersion = 17.0.31912.275
MinimumVisualStudioVersion = 10.0.40219.1
Project("{FAE04EC0-301F-11D3-BF4B-00C04F79EFBC}") = "WoodPainting", "WoodPainting.csproj", "{2D5489C1-3187-4F88-89AF-A55009017DDF}"
EndProject
Global
	GlobalSection(SolutionConfigurationPlatforms) = preSolution
		Debug|Any CPU = Debug|Any CPU
		Release|Any CPU = Release|Any CPU
	EndGlobalSection
	GlobalSection(ProjectConfigurationPlatforms) = postSolution
		{2D5489C1-3187-4F88-89AF-A55009017DDF}.Debug|Any CPU.ActiveCfg = Debug|Any CPU
		{2D5489C1-3187-4F88-89AF-A55009017DDF}.Debug|Any CPU.Build.0 = Debug|Any CPU
		{2D5489C1-3187-4F88-89AF-A55009017DDF}.Release|Any CPU.ActiveCfg = Release|Any CPU
		{2D5489C1-3187-4F88-89AF-A55009017DDF}.Release|Any CPU.Build.0 = Release|Any CPU
	EndGlobalSection
	GlobalSection(SolutionProperties) = preSolution
		HideSolutionNode = FALSE
	EndGlobalSection
	GlobalSection(ExtensibilityGlobals) = postSolution
		SolutionGuid = {7D18E834-39EA-480E-AF42-4ACDA6B8E8D9}
	EndGlobalSection
EndGlobal
